version = 1
revision = 3
requires-python = ">=3.14"

[[package]]
name = "arpeggio"
version = "2.0.3"
source = { registry = "https://pypi.org/simple" }
sdist = { url = "https://files.pythonhosted.org/packages/3b/58/ba011f3cf8291804ce80f9d81289ac15f0319a27f9d7e3c124aa5e4981cc/Arpeggio-2.0.3.tar.gz", hash = "sha256:9e85ad35cfc6c938676817c7ae9a1000a7c72a34c71db0c687136c460d12b85e", size = 766566, upload-time = "2025-09-12T12:45:20.594Z" }
wheels = [
    { url = "https://files.pythonhosted.org/packages/84/4d/53b8186b41842f7a5e971b1d1c28e678364dcf841e4170f5d14d38ac1e2a/Arpeggio-2.0.3-py2.py3-none-any.whl", hash = "sha256:9374d9c531b62018b787635f37fd81c9a6ee69ef2d28c5db3cd18791b1f7db2f", size = 54656, upload-time = "2025-09-12T12:45:17.971Z" },
]

[[package]]
name = "attrs"
version = "26.1.0"
source = { registry = "https://pypi.org/simple" }
sdist = { url = "https://files.pythonhosted.org/packages/9a/8e/82a0fe20a541c03148528be8cac2408564a6c9a0cc7e9171802bc1d26985/attrs-26.1.0.tar.gz", hash = "sha256:d03ceb89cb322a8fd706d4fb91940737b6642aa36998fe130a9bc96c985eff32", size = 952055, upload-time = "2026-03-19T14:22:25.026Z" }
wheels = [
    { url = "https://files.pythonhosted.org/packages/64/b4/17d4b0b2a2dc85a6df63d1157e028ed19f90d4cd97c36717afef2bc2f395/attrs-26.1.0-py3-none-any.whl", hash = "sha256:c647aa4a12dfbad9333ca4e71fe62ddc36f4e63b2d260a37a8b83d2f043ac309", size = 67548, upload-time = "2026-03-19T14:22:23.645Z" },
]

[[package]]
name = "debugpy"
version = "1.8.20"
source = { registry = "https://pypi.org/simple" }
sdist = { url = "https://files.pythonhosted.org/packages/e0/b7/cd8080344452e4874aae67c40d8940e2b4d47b01601a8fd9f44786c757c7/debugpy-1.8.20.tar.gz", hash = "sha256:55bc8701714969f1ab89a6d5f2f3d40c36f91b2cbe2f65d98bf8196f6a6a2c33", size = 1645207, upload-time = "2026-01-29T23:03:28.199Z" }
wheels = [
    { url = "https://files.pythonhosted.org/packages/33/2e/f6cb9a8a13f5058f0a20fe09711a7b726232cd5a78c6a7c05b2ec726cff9/debugpy-1.8.20-cp314-cp314-macosx_15_0_universal2.whl", hash = "sha256:9c74df62fc064cd5e5eaca1353a3ef5a5d50da5eb8058fcef63106f7bebe6173", size = 2538066, upload-time = "2026-01-29T23:03:54.999Z" },
    { url = "https://files.pythonhosted.org/packages/c5/56/6ddca50b53624e1ca3ce1d1e49ff22db46c47ea5fb4c0cc5c9b90a616364/debugpy-1.8.20-cp314-cp314-manylinux_2_34_x86_64.whl", hash = "sha256:077a7447589ee9bc1ff0cdf443566d0ecf540ac8aa7333b775ebcb8ce9f4ecad", size = 4269425, upload-time = "2026-01-29T23:03:56.518Z" },
    { url = "https://files.pythonhosted.org/packages/c5/d9/d64199c14a0d4c476df46c82470a3ce45c8d183a6796cfb5e66533b3663c/debugpy-1.8.20-cp314-cp314-win32.whl", hash = "sha256:352036a99dd35053b37b7803f748efc456076f929c6a895556932eaf2d23b07f", size = 5331407, upload-time = "2026-01-29T23:03:58.481Z" },
    { url = "https://files.pythonhosted.org/packages/e0/d9/1f07395b54413432624d61524dfd98c1a7c7827d2abfdb8829ac92638205/debugpy-1.8.20-cp314-cp314-win_amd64.whl", hash = "sha256:a98eec61135465b062846112e5ecf2eebb855305acc1dfbae43b72903b8ab5be", size = 5372521, upload-time = "2026-01-29T23:03:59.864Z" },
    { url = "https://files.pythonhosted.org/packages/e0/c3/7f67dea8ccf8fdcb9c99033bbe3e90b9e7395415843accb81428c441be2d/debugpy-1.8.20-py2.py3-none-any.whl", hash = "sha256:5be9bed9ae3be00665a06acaa48f8329d2b9632f15fd09f6a9a8c8d9907e54d7", size = 5337658, upload-time = "2026-01-29T23:04:17.404Z" },
]

[[package]]
name = "dill"
version = "0.4.1"
source = { registry = "https://pypi.org/simple" }
sdist = { url = "https://files.pythonhosted.org/packages/81/e1/56027a71e31b02ddc53c7d65b01e68edf64dea2932122fe7746a516f75d5/dill-0.4.1.tar.gz", hash = "sha256:423092df4182177d4d8ba8290c8a5b640c66ab35ec7da59ccfa00f6fa3eea5fa", size = 187315, upload-time = "2026-01-19T02:36:56.85Z" }
wheels = [
    { url = "https://files.pythonhosted.org/packages/1e/77/dc8c558f7593132cf8fefec57c4f60c83b16941c574ac5f619abb3ae7933/dill-0.4.1-py3-none-any.whl", hash = "sha256:1e1ce33e978ae97fcfcff5638477032b801c46c7c65cf717f95fbc2248f79a9d", size = 120019, upload-time = "2026-01-19T02:36:55.663Z" },
]

[[package]]
name = "googleapis-common-protos"
version = "1.74.0"
source = { registry = "https://pypi.org/simple" }
dependencies = [
    { name = "protobuf" },
]
sdist = { url = "https://files.pythonhosted.org/packages/20/18/a746c8344152d368a5aac738d4c857012f2c5d1fd2eac7e17b647a7861bd/googleapis_common_protos-1.74.0.tar.gz", hash = "sha256:57971e4eeeba6aad1163c1f0fc88543f965bb49129b8bb55b2b7b26ecab084f1", size = 151254, upload-time = "2026-04-02T21:23:26.679Z" }
wheels = [
    { url = "https://files.pythonhosted.org/packages/b6/b0/be5d3329badb9230b765de6eea66b73abd5944bdeb5afb3562ddcd80ae84/googleapis_common_protos-1.74.0-py3-none-any.whl", hash = "sha256:702216f78610bb510e3f12ac3cafd281b7ac45cc5d86e90ad87e4d301a3426b5", size = 300743, upload-time = "2026-04-02T21:22:49.108Z" },
]

[[package]]
name = "grpcio"
version = "1.80.0"
source = { registry = "https://pypi.org/simple" }
dependencies = [
    { name = "typing-extensions" },
]
sdist = { url = "https://files.pythonhosted.org/packages/b7/48/af6173dbca4454f4637a4678b67f52ca7e0c1ed7d5894d89d434fecede05/grpcio-1.80.0.tar.gz", hash = "sha256:29aca15edd0688c22ba01d7cc01cb000d72b2033f4a3c72a81a19b56fd143257", size = 12978905, upload-time = "2026-03-30T08:49:10.502Z" }
wheels = [
    { url = "https://files.pythonhosted.org/packages/c5/6d/e65307ce20f5a09244ba9e9d8476e99fb039de7154f37fb85f26978b59c3/grpcio-1.80.0-cp314-cp314-linux_armv7l.whl", hash = "sha256:3d4147a97c8344d065d01bbf8b6acec2cf86fb0400d40696c8bdad34a64ffc0e", size = 6017376, upload-time = "2026-03-30T08:48:10.005Z" },
    { url = "https://files.pythonhosted.org/packages/69/10/9cef5d9650c72625a699c549940f0abb3c4bfdb5ed45a5ce431f92f31806/grpcio-1.80.0-cp314-cp314-macosx_11_0_universal2.whl", hash = "sha256:d8e11f167935b3eb089ac9038e1a063e6d7dbe995c0bb4a661e614583352e76f", size = 12018133, upload-time = "2026-03-30T08:48:12.927Z" },
    { url = "https://files.pythonhosted.org/packages/04/82/983aabaad82ba26113caceeb9091706a0696b25da004fe3defb5b346e15b/grpcio-1.80.0-cp314-cp314-manylinux2014_aarch64.manylinux_2_17_aarch64.whl", hash = "sha256:f14b618fc30de822681ee986cfdcc2d9327229dc4c98aed16896761cacd468b9", size = 6574748, upload-time = "2026-03-30T08:48:16.386Z" },
    { url = "https://files.pythonhosted.org/packages/07/d7/031666ef155aa0bf399ed7e19439656c38bbd143779ae0861b038ce82abd/grpcio-1.80.0-cp314-cp314-manylinux2014_i686.manylinux_2_17_i686.whl", hash = "sha256:4ed39fbdcf9b87370f6e8df4e39ca7b38b3e5e9d1b0013c7b6be9639d6578d14", size = 7277711, upload-time = "2026-03-30T08:48:19.627Z" },
    { url = "https://files.pythonhosted.org/packages/e8/43/f437a78f7f4f1d311804189e8f11fb311a01049b2e08557c1068d470cb2e/grpcio-1.80.0-cp314-cp314-manylinux2014_x86_64.manylinux_2_17_x86_64.whl", hash = "sha256:2dcc70e9f0ba987526e8e8603a610fb4f460e42899e74e7a518bf3c68fe1bf05", size = 6785372, upload-time = "2026-03-30T08:48:22.373Z" },
    { url = "https://files.pythonhosted.org/packages/93/3d/f6558e9c6296cb4227faa5c43c54a34c68d32654b829f53288313d16a86e/grpcio-1.80.0-cp314-cp314-musllinux_1_2_aarch64.whl", hash = "sha256:448c884b668b868562b1bda833c5fce6272d26e1926ec46747cda05741d302c1", size = 7395268, upload-time = "2026-03-30T08:48:25.638Z" },
    { url = "https://files.pythonhosted.org/packages/06/21/0fdd77e84720b08843c371a2efa6f2e19dbebf56adc72df73d891f5506f0/grpcio-1.80.0-cp314-cp314-musllinux_1_2_i686.whl", hash = "sha256:a1dc80fe55685b4a543555e6eef975303b36c8db1023b1599b094b92aa77965f", size = 8392000, upload-time = "2026-03-30T08:48:28.974Z" },
    { url = "https://files.pythonhosted.org/packages/f5/68/67f4947ed55d2e69f2cc199ab9fd85e0a0034d813bbeef84df6d2ba4d4b7/grpcio-1.80.0-cp314-cp314-musllinux_1_2_x86_64.whl", hash = "sha256:31b9ac4ad1aa28ffee5503821fafd09e4da0a261ce1c1281c6c8da0423c83b6e", size = 7828477, upload-time = "2026-03-30T08:48:32.054Z" },
    { url = "https://files.pythonhosted.org/packages/44/b6/8d4096691b2e385e8271911a0de4f35f0a6c7d05aff7098e296c3de86939/grpcio-1.80.0-cp314-cp314-win32.whl", hash = "sha256:367ce30ba67d05e0592470428f0ec1c31714cab9ef19b8f2e37be1f4c7d32fae", size = 4218563, upload-time = "2026-03-30T08:48:34.538Z" },
    { url = "https://files.pythonhosted.org/packages/e5/8c/bbe6baf2557262834f2070cf668515fa308b2d38a4bbf771f8f7872a7036/grpcio-1.80.0-cp314-cp314-win_amd64.whl", hash = "sha256:3b01e1f5464c583d2f567b2e46ff0d516ef979978f72091fd81f5ab7fa6e2e7f", size = 5019457, upload-time = "2026-03-30T08:48:37.308Z" },
]

[[package]]
name = "importlib-metadata"
version = "8.7.1"
source = { registry = "https://pypi.org/simple" }
dependencies = [
    { name = "zipp" },
]
sdist = { url = "https://files.pythonhosted.org/packages/f3/49/3b30cad09e7771a4982d9975a8cbf64f00d4a1ececb53297f1d9a7be1b10/importlib_metadata-8.7.1.tar.gz", hash = "sha256:49fef1ae6440c182052f407c8d34a68f72efc36db9ca90dc0113398f2fdde8bb", size = 57107, upload-time = "2025-12-21T10:00:19.278Z" }
wheels = [
    { url = "https://files.pythonhosted.org/packages/fa/5e/f8e9a1d23b9c20a551a8a02ea3637b4642e22c2626e3a13a9a29cdea99eb/importlib_metadata-8.7.1-py3-none-any.whl", hash = "sha256:5a1f80bf1daa489495071efbb095d75a634cf28a8bc299581244063b53176151", size = 27865, upload-time = "2025-12-21T10:00:18.329Z" },
]

[[package]]
name = "opentelemetry-api"
version = "1.41.0"
source = { registry = "https://pypi.org/simple" }
dependencies = [
    { name = "importlib-metadata" },
    { name = "typing-extensions" },
]
sdist = { url = "https://files.pythonhosted.org/packages/47/8e/3778a7e87801d994869a9396b9fc2a289e5f9be91ff54a27d41eace494b0/opentelemetry_api-1.41.0.tar.gz", hash = "sha256:9421d911326ec12dee8bc933f7839090cad7a3f13fcfb0f9e82f8174dc003c09", size = 71416, upload-time = "2026-04-09T14:38:34.544Z" }
wheels = [
    { url = "https://files.pythonhosted.org/packages/58/ee/99ab786653b3bda9c37ade7e24a7b607a1b1f696063172768417539d876d/opentelemetry_api-1.41.0-py3-none-any.whl", hash = "sha256:0e77c806e6a89c9e4f8d372034622f3e1418a11bdbe1c80a50b3d3397ad0fa4f", size = 69007, upload-time = "2026-04-09T14:38:11.833Z" },
]

[[package]]
name = "opentelemetry-exporter-otlp-proto-common"
version = "1.41.0"
source = { registry = "https://pypi.org/simple" }
dependencies = [
    { name = "opentelemetry-proto" },
]
sdist = { url = "https://files.pythonhosted.org/packages/8c/28/e8eca94966fe9a1465f6094dc5ddc5398473682180279c94020bc23b4906/opentelemetry_exporter_otlp_proto_common-1.41.0.tar.gz", hash = "sha256:966bbce537e9edb166154779a7c4f8ab6b8654a03a28024aeaf1a3eacb07d6ee", size = 20411, upload-time = "2026-04-09T14:38:36.572Z" }
wheels = [
    { url = "https://files.pythonhosted.org/packages/26/c4/78b9bf2d9c1d5e494f44932988d9d91c51a66b9a7b48adf99b62f7c65318/opentelemetry_exporter_otlp_proto_common-1.41.0-py3-none-any.whl", hash = "sha256:7a99177bf61f85f4f9ed2072f54d676364719c066f6d11f515acc6c745c7acf0", size = 18366, upload-time = "2026-04-09T14:38:15.135Z" },
]

[[package]]
name = "opentelemetry-exporter-otlp-proto-grpc"
version = "1.41.0"
source = { registry = "https://pypi.org/simple" }
dependencies = [
    { name = "googleapis-common-protos" },
    { name = "grpcio" },
    { name = "opentelemetry-api" },
    { name = "opentelemetry-exporter-otlp-proto-common" },
    { name = "opentelemetry-proto" },
    { name = "opentelemetry-sdk" },
    { name = "typing-extensions" },
]
sdist = { url = "https://files.pythonhosted.org/packages/42/46/d75a3f8c91915f2e58f61d0a2e4ada63891e7c7a37a20ff7949ba184a6b2/opentelemetry_exporter_otlp_proto_grpc-1.41.0.tar.gz", hash = "sha256:f704201251c6f65772b11bddea1c948000554459101bdbb0116e0a01b70592f6", size = 25754, upload-time = "2026-04-09T14:38:37.423Z" }
wheels = [
    { url = "https://files.pythonhosted.org/packages/81/f6/b09e2e0c9f0b5750cebc6eaf31527b910821453cef40a5a0fe93550422b2/opentelemetry_exporter_otlp_proto_grpc-1.41.0-py3-none-any.whl", hash = "sha256:3a1a86bd24806ccf136ec9737dbfa4c09b069f9130ff66b0acb014f9c5255fd1", size = 20299, upload-time = "2026-04-09T14:38:17.01Z" },
]

[[package]]
name = "opentelemetry-instrumentation"
version = "0.62b0"
source = { registry = "https://pypi.org/simple" }
dependencies = [
    { name = "opentelemetry-api" },
    { name = "opentelemetry-semantic-conventions" },
    { name = "packaging" },
    { name = "wrapt" },
]
sdist = { url = "https://files.pythonhosted.org/packages/f9/fd/b8e90bb340957f059084376f94cff336b0e871a42feba7d3f7342365e987/opentelemetry_instrumentation-0.62b0.tar.gz", hash = "sha256:aa1b0b9ab2e1722c2a8a5384fb016fc28d30bba51826676c8036074790d2861e", size = 34042, upload-time = "2026-04-09T14:40:22.843Z" }
wheels = [
    { url = "https://files.pythonhosted.org/packages/00/b6/3356d2e335e3c449c5183e9b023f30f04f1b7073a6583c68745ea2e704b1/opentelemetry_instrumentation-0.62b0-py3-none-any.whl", hash = "sha256:30d4e76486eae64fb095264a70c2c809c4bed17b73373e53091470661f7d477c", size = 34158, upload-time = "2026-04-09T14:39:21.428Z" },
]

[[package]]
name = "opentelemetry-instrumentation-grpc"
version = "0.62b0"
source = { registry = "https://pypi.org/simple" }
dependencies = [
    { name = "opentelemetry-api" },
    { name = "opentelemetry-instrumentation" },
    { name = "opentelemetry-semantic-conventions" },
    { name = "wrapt" },
]
sdist = { url = "https://files.pythonhosted.org/packages/d9/a8/402b192ca0d68d4a1e8d92630bfb934e9cbc678005826136167f72dadffa/opentelemetry_instrumentation_grpc-0.62b0.tar.gz", hash = "sha256:81de38906190d98e5b6af0a9c2ca9bfc58dd32f93455a26184205479d5209531", size = 31941, upload-time = "2026-04-09T14:40:38.075Z" }
wheels = [
    { url = "https://files.pythonhosted.org/packages/09/65/0a19425267ce3bc37d41fa29bea568787b9602afc579ea14ba05961b2340/opentelemetry_instrumentation_grpc-0.62b0-py3-none-any.whl", hash = "sha256:c0000c79630e2a3eb6c3491c986319924791a726f45ea01d0bffa182ccb2e3fe", size = 27312, upload-time = "2026-04-09T14:39:45.632Z" },
]

[[package]]
name = "opentelemetry-proto"
version = "1.41.0"
source = { registry = "https://pypi.org/simple" }
dependencies = [
    { name = "protobuf" },
]
sdist = { url = "https://files.pythonhosted.org/packages/e0/d9/08e3dc6156878713e8c811682bc76151f5fe1a3cb7f3abda3966fd56e71e/opentelemetry_proto-1.41.0.tar.gz", hash = "sha256:95d2e576f9fb1800473a3e4cfcca054295d06bdb869fda4dc9f4f779dc68f7b6", size = 45669, upload-time = "2026-04-09T14:38:45.978Z" }
wheels = [
    { url = "https://files.pythonhosted.org/packages/49/8c/65ef7a9383a363864772022e822b5d5c6988e6f9dabeebb9278f5b86ebc3/opentelemetry_proto-1.41.0-py3-none-any.whl", hash = "sha256:b970ab537309f9eed296be482c3e7cca05d8aca8165346e929f658dbe153b247", size = 72074, upload-time = "2026-04-09T14:38:29.38Z" },
]

[[package]]
name = "opentelemetry-sdk"
version = "1.41.0"
source = { registry = "https://pypi.org/simple" }
dependencies = [
    { name = "opentelemetry-api" },
    { name = "opentelemetry-semantic-conventions" },
    { name = "typing-extensions" },
]
sdist = { url = "https://files.pythonhosted.org/packages/f8/0e/a586df1186f9f56b5a0879d52653effc40357b8e88fc50fe300038c3c08b/opentelemetry_sdk-1.41.0.tar.gz", hash = "sha256:7bddf3961131b318fc2d158947971a8e37e38b1cd23470cfb72b624e7cc108bd", size = 230181, upload-time = "2026-04-09T14:38:47.225Z" }
wheels = [
    { url = "https://files.pythonhosted.org/packages/2c/13/a7825118208cb32e6a4edcd0a99f925cbef81e77b3b0aedfd9125583c543/opentelemetry_sdk-1.41.0-py3-none-any.whl", hash = "sha256:a596f5687964a3e0d7f8edfdcf5b79cbca9c93c7025ebf5fb00f398a9443b0bd", size = 180214, upload-time = "2026-04-09T14:38:30.657Z" },
]

[[package]]
name = "opentelemetry-semantic-conventions"
version = "0.62b0"
source = { registry = "https://pypi.org/simple" }
dependencies = [
    { name = "opentelemetry-api" },
    { name = "typing-extensions" },
]
sdist = { url = "https://files.pythonhosted.org/packages/a3/b0/c14f723e86c049b7bf8ff431160d982519b97a7be2857ed2247377397a24/opentelemetry_semantic_conventions-0.62b0.tar.gz", hash = "sha256:cbfb3c8fc259575cf68a6e1b94083cc35adc4a6b06e8cf431efa0d62606c0097", size = 145753, upload-time = "2026-04-09T14:38:48.274Z" }
wheels = [
    { url = "https://files.pythonhosted.org/packages/58/6c/5e86fa1759a525ef91c2d8b79d668574760ff3f900d114297765eb8786cb/opentelemetry_semantic_conventions-0.62b0-py3-none-any.whl", hash = "sha256:0ddac1ce59eaf1a827d9987ab60d9315fb27aea23304144242d1fcad9e16b489", size = 231619, upload-time = "2026-04-09T14:38:32.394Z" },
]

[[package]]
name = "packaging"
version = "26.0"
source = { registry = "https://pypi.org/simple" }
sdist = { url = "https://files.pythonhosted.org/packages/65/ee/299d360cdc32edc7d2cf530f3accf79c4fca01e96ffc950d8a52213bd8e4/packaging-26.0.tar.gz", hash = "sha256:00243ae351a257117b6a241061796684b084ed1c516a08c48a3f7e147a9d80b4", size = 143416, upload-time = "2026-01-21T20:50:39.064Z" }
wheels = [
    { url = "https://files.pythonhosted.org/packages/b7/b9/c538f279a4e237a006a2c98387d081e9eb060d203d8ed34467cc0f0b9b53/packaging-26.0-py3-none-any.whl", hash = "sha256:b36f1fef9334a5588b4166f8bcd26a14e521f2b55e6b9de3aaa80d3ff7a37529", size = 74366, upload-time = "2026-01-21T20:50:37.788Z" },
]

[[package]]
name = "parver"
version = "0.5"
source = { registry = "https://pypi.org/simple" }
dependencies = [
    { name = "arpeggio" },
    { name = "attrs" },
]
sdist = { url = "https://files.pythonhosted.org/packages/cc/e5/1c774688a90f0b76e872e30f6f1ba3f5e14056cd0d96a684047d4a986226/parver-0.5.tar.gz", hash = "sha256:b9fde1e6bb9ce9f07e08e9c4bea8d8825c5e78e18a0052d02e02bf9517eb4777", size = 26908, upload-time = "2023-10-03T21:06:54.506Z" }
wheels = [
    { url = "https://files.pythonhosted.org/packages/0f/4c/f98024021bef4d44dce3613feebd702c7ad8883f777ff8488384c59e9774/parver-0.5-py3-none-any.whl", hash = "sha256:2281b187276c8e8e3c15634f62287b2fb6fe0efe3010f739a6bd1e45fa2bf2b2", size = 15172, upload-time = "2023-10-03T21:06:52.796Z" },
]

[[package]]
name = "platform-infra"
version = "0.1.0"
source = { virtual = "." }
dependencies = [
    { name = "pulumi" },
    { name = "pulumi-digitalocean" },
]

[package.metadata]
requires-dist = [
    { name = "pulumi", specifier = ">=3,<4" },
    { name = "pulumi-digitalocean", specifier = ">=4" },
]

[[package]]
name = "protobuf"
version = "6.33.6"
source = { registry = "https://pypi.org/simple" }
sdist = { url = "https://files.pythonhosted.org/packages/66/70/e908e9c5e52ef7c3a6c7902c9dfbb34c7e29c25d2f81ade3856445fd5c94/protobuf-6.33.6.tar.gz", hash = "sha256:a6768d25248312c297558af96a9f9c929e8c4cee0659cb07e780731095f38135", size = 444531, upload-time = "2026-03-18T19:05:00.988Z" }
wheels = [
    { url = "https://files.pythonhosted.org/packages/fc/9f/2f509339e89cfa6f6a4c4ff50438db9ca488dec341f7e454adad60150b00/protobuf-6.33.6-cp310-abi3-win32.whl", hash = "sha256:7d29d9b65f8afef196f8334e80d6bc1d5d4adedb449971fefd3723824e6e77d3", size = 425739, upload-time = "2026-03-18T19:04:48.373Z" },
    { url = "https://files.pythonhosted.org/packages/76/5d/683efcd4798e0030c1bab27374fd13a89f7c2515fb1f3123efdfaa5eab57/protobuf-6.33.6-cp310-abi3-win_amd64.whl", hash = "sha256:0cd27b587afca21b7cfa59a74dcbd48a50f0a6400cfb59391340ad729d91d326", size = 437089, upload-time = "2026-03-18T19:04:50.381Z" },
    { url = "https://files.pythonhosted.org/packages/5c/01/a3c3ed5cd186f39e7880f8303cc51385a198a81469d53d0fdecf1f64d929/protobuf-6.33.6-cp39-abi3-macosx_10_9_universal2.whl", hash = "sha256:9720e6961b251bde64edfdab7d500725a2af5280f3f4c87e57c0208376aa8c3a", size = 427737, upload-time = "2026-03-18T19:04:51.866Z" },
    { url = "https://files.pythonhosted.org/packages/ee/90/b3c01fdec7d2f627b3a6884243ba328c1217ed2d978def5c12dc50d328a3/protobuf-6.33.6-cp39-abi3-manylinux2014_aarch64.whl", hash = "sha256:e2afbae9b8e1825e3529f88d514754e094278bb95eadc0e199751cdd9a2e82a2", size = 324610, upload-time = "2026-03-18T19:04:53.096Z" },
    { url = "https://files.pythonhosted.org/packages/9b/ca/25afc144934014700c52e05103c2421997482d561f3101ff352e1292fb81/protobuf-6.33.6-cp39-abi3-manylinux2014_s390x.whl", hash = "sha256:c96c37eec15086b79762ed265d59ab204dabc53056e3443e702d2681f4b39ce3", size = 339381, upload-time = "2026-03-18T19:04:54.616Z" },
    { url = "https://files.pythonhosted.org/packages/16/92/d1e32e3e0d894fe00b15ce28ad4944ab692713f2e7f0a99787405e43533a/protobuf-6.33.6-cp39-abi3-manylinux2014_x86_64.whl", hash = "sha256:e9db7e292e0ab79dd108d7f1a94fe31601ce1ee3f7b79e0692043423020b0593", size = 323436, upload-time = "2026-03-18T19:04:55.768Z" },
    { url = "https://files.pythonhosted.org/packages/c4/72/02445137af02769918a93807b2b7890047c32bfb9f90371cbc12688819eb/protobuf-6.33.6-py3-none-any.whl", hash = "sha256:77179e006c476e69bf8e8ce866640091ec42e1beb80b213c3900006ecfba6901", size = 170656, upload-time = "2026-03-18T19:04:59.826Z" },
]

[[package]]
name = "pulumi"
version = "3.230.0"
source = { registry = "https://pypi.org/simple" }
dependencies = [
    { name = "debugpy" },
    { name = "dill" },
    { name = "grpcio" },
    { name = "opentelemetry-api" },
    { name = "opentelemetry-exporter-otlp-proto-grpc" },
    { name = "opentelemetry-instrumentation-grpc" },
    { name = "opentelemetry-sdk" },
    { name = "packaging" },
    { name = "protobuf" },
    { name = "pyyaml" },
    { name = "semver" },
]
wheels = [
    { url = "https://files.pythonhosted.org/packages/f4/cc/d6711abe8da6d9f7dc3a858e2e07aa3c80969827c2d71166d30598be80a8/pulumi-3.230.0-py3-none-any.whl", hash = "sha256:f16d31e12759a4b73f357a2f180ea9c92d301066237e9a1d23180270f80f5b72", size = 394721, upload-time = "2026-04-08T20:51:13.573Z" },
]

[[package]]
name = "pulumi-digitalocean"
version = "4.63.0"
source = { registry = "https://pypi.org/simple" }
dependencies = [
    { name = "parver" },
    { name = "pulumi" },
    { name = "semver" },
]
sdist = { url = "https://files.pythonhosted.org/packages/12/03/4dbd365eeb66a113166d66d3a7923a22e4ee5af0b5f8569784e21290a9c3/pulumi_digitalocean-4.63.0.tar.gz", hash = "sha256:db5d0c38b546c9c5c6e0f4d2c38c9c2036cb221435001dc7e34102a0400198f4", size = 573923, upload-time = "2026-03-25T04:35:05.839Z" }
wheels = [
    { url = "https://files.pythonhosted.org/packages/d2/2c/f922686a59f2a453eaf6d60561b62e2253e7122e7fe37c7fd8e56ea1a543/pulumi_digitalocean-4.63.0-py3-none-any.whl", hash = "sha256:e378386d8e7bfaf89bc5443bb1afa93dfa90a9425910d7386d95eafdb0232393", size = 768095, upload-time = "2026-03-25T04:35:04Z" },
]

[[package]]
name = "pyyaml"
version = "6.0.3"
source = { registry = "https://pypi.org/simple" }
sdist = { url = "https://files.pythonhosted.org/packages/05/8e/961c0007c59b8dd7729d542c61a4d537767a59645b82a0b521206e1e25c2/pyyaml-6.0.3.tar.gz", hash = "sha256:d76623373421df22fb4cf8817020cbb7ef15c725b9d5e45f17e189bfc384190f", size = 130960, upload-time = "2025-09-25T21:33:16.546Z" }
wheels = [
    { url = "https://files.pythonhosted.org/packages/9d/8c/f4bd7f6465179953d3ac9bc44ac1a8a3e6122cf8ada906b4f96c60172d43/pyyaml-6.0.3-cp314-cp314-macosx_10_13_x86_64.whl", hash = "sha256:8d1fab6bb153a416f9aeb4b8763bc0f22a5586065f86f7664fc23339fc1c1fac", size = 181814, upload-time = "2025-09-25T21:32:35.712Z" },
    { url = "https://files.pythonhosted.org/packages/bd/9c/4d95bb87eb2063d20db7b60faa3840c1b18025517ae857371c4dd55a6b3a/pyyaml-6.0.3-cp314-cp314-macosx_11_0_arm64.whl", hash = "sha256:34d5fcd24b8445fadc33f9cf348c1047101756fd760b4dacb5c3e99755703310", size = 173809, upload-time = "2025-09-25T21:32:36.789Z" },
    { url = "https://files.pythonhosted.org/packages/92/b5/47e807c2623074914e29dabd16cbbdd4bf5e9b2db9f8090fa64411fc5382/pyyaml-6.0.3-cp314-cp314-manylinux2014_aarch64.manylinux_2_17_aarch64.manylinux_2_28_aarch64.whl", hash = "sha256:501a031947e3a9025ed4405a168e6ef5ae3126c59f90ce0cd6f2bfc477be31b7", size = 766454, upload-time = "2025-09-25T21:32:37.966Z" },
    { url = "https://files.pythonhosted.org/packages/02/9e/e5e9b168be58564121efb3de6859c452fccde0ab093d8438905899a3a483/pyyaml-6.0.3-cp314-cp314-manylinux2014_s390x.manylinux_2_17_s390x.manylinux_2_28_s390x.whl", hash = "sha256:b3bc83488de33889877a0f2543ade9f70c67d66d9ebb4ac959502e12de895788", size = 836355, upload-time = "2025-09-25T21:32:39.178Z" },
    { url = "https://files.pythonhosted.org/packages/88/f9/16491d7ed2a919954993e48aa941b200f38040928474c9e85ea9e64222c3/pyyaml-6.0.3-cp314-cp314-manylinux2014_x86_64.manylinux_2_17_x86_64.manylinux_2_28_x86_64.whl", hash = "sha256:c458b6d084f9b935061bc36216e8a69a7e293a2f1e68bf956dcd9e6cbcd143f5", size = 794175, upload-time = "2025-09-25T21:32:40.865Z" },
    { url = "https://files.pythonhosted.org/packages/dd/3f/5989debef34dc6397317802b527dbbafb2b4760878a53d4166579111411e/pyyaml-6.0.3-cp314-cp314-musllinux_1_2_aarch64.whl", hash = "sha256:7c6610def4f163542a622a73fb39f534f8c101d690126992300bf3207eab9764", size = 755228, upload-time = "2025-09-25T21:32:42.084Z" },
    { url = "https://files.pythonhosted.org/packages/d7/ce/af88a49043cd2e265be63d083fc75b27b6ed062f5f9fd6cdc223ad62f03e/pyyaml-6.0.3-cp314-cp314-musllinux_1_2_x86_64.whl", hash = "sha256:5190d403f121660ce8d1d2c1bb2ef1bd05b5f68533fc5c2ea899bd15f4399b35", size = 789194, upload-time = "2025-09-25T21:32:43.362Z" },
    { url = "https://files.pythonhosted.org/packages/23/20/bb6982b26a40bb43951265ba29d4c246ef0ff59c9fdcdf0ed04e0687de4d/pyyaml-6.0.3-cp314-cp314-win_amd64.whl", hash = "sha256:4a2e8cebe2ff6ab7d1050ecd59c25d4c8bd7e6f400f5f82b96557ac0abafd0ac", size = 156429, upload-time = "2025-09-25T21:32:57.844Z" },
    { url = "https://files.pythonhosted.org/packages/f4/f4/a4541072bb9422c8a883ab55255f918fa378ecf083f5b85e87fc2b4eda1b/pyyaml-6.0.3-cp314-cp314-win_arm64.whl", hash = "sha256:93dda82c9c22deb0a405ea4dc5f2d0cda384168e466364dec6255b293923b2f3", size = 143912, upload-time = "2025-09-25T21:32:59.247Z" },
    { url = "https://files.pythonhosted.org/packages/7c/f9/07dd09ae774e4616edf6cda684ee78f97777bdd15847253637a6f052a62f/pyyaml-6.0.3-cp314-cp314t-macosx_10_13_x86_64.whl", hash = "sha256:02893d100e99e03eda1c8fd5c441d8c60103fd175728e23e431db1b589cf5ab3", size = 189108, upload-time = "2025-09-25T21:32:44.377Z" },
    { url = "https://files.pythonhosted.org/packages/4e/78/8d08c9fb7ce09ad8c38ad533c1191cf27f7ae1effe5bb9400a46d9437fcf/pyyaml-6.0.3-cp314-cp314t-macosx_11_0_arm64.whl", hash = "sha256:c1ff362665ae507275af2853520967820d9124984e0f7466736aea23d8611fba", size = 183641, upload-time = "2025-09-25T21:32:45.407Z" },
    { url = "https://files.pythonhosted.org/packages/7b/5b/3babb19104a46945cf816d047db2788bcaf8c94527a805610b0289a01c6b/pyyaml-6.0.3-cp314-cp314t-manylinux2014_aarch64.manylinux_2_17_aarch64.manylinux_2_28_aarch64.whl", hash = "sha256:6adc77889b628398debc7b65c073bcb99c4a0237b248cacaf3fe8a557563ef6c", size = 831901, upload-time = "2025-09-25T21:32:48.83Z" },
    { url = "https://files.pythonhosted.org/packages/8b/cc/dff0684d8dc44da4d22a13f35f073d558c268780ce3c6ba1b87055bb0b87/pyyaml-6.0.3-cp314-cp314t-manylinux2014_s390x.manylinux_2_17_s390x.manylinux_2_28_s390x.whl", hash = "sha256:a80cb027f6b349846a3bf6d73b5e95e782175e52f22108cfa17876aaeff93702", size = 861132, upload-time = "2025-09-25T21:32:50.149Z" },
    { url = "https://files.pythonhosted.org/packages/b1/5e/f77dc6b9036943e285ba76b49e118d9ea929885becb0a29ba8a7c75e29fe/pyyaml-6.0.3-cp314-cp314t-manylinux2014_x86_64.manylinux_2_17_x86_64.manylinux_2_28_x86_64.whl", hash = "sha256:00c4bdeba853cc34e7dd471f16b4114f4162dc03e6b7afcc2128711f0eca823c", size = 839261, upload-time = "2025-09-25T21:32:51.808Z" },
    { url = "https://files.pythonhosted.org/packages/ce/88/a9db1376aa2a228197c58b37302f284b5617f56a5d959fd1763fb1675ce6/pyyaml-6.0.3-cp314-cp314t-musllinux_1_2_aarch64.whl", hash = "sha256:66e1674c3ef6f541c35191caae2d429b967b99e02040f5ba928632d9a7f0f065", size = 805272, upload-time = "2025-09-25T21:32:52.941Z" },
    { url = "https://files.pythonhosted.org/packages/da/92/1446574745d74df0c92e6aa4a7b0b3130706a4142b2d1a5869f2eaa423c6/pyyaml-6.0.3-cp314-cp314t-musllinux_1_2_x86_64.whl", hash = "sha256:16249ee61e95f858e83976573de0f5b2893b3677ba71c9dd36b9cf8be9ac6d65", size = 829923, upload-time = "2025-09-25T21:32:54.537Z" },
    { url = "https://files.pythonhosted.org/packages/f0/7a/1c7270340330e575b92f397352af856a8c06f230aa3e76f86b39d01b416a/pyyaml-6.0.3-cp314-cp314t-win_amd64.whl", hash = "sha256:4ad1906908f2f5ae4e5a8ddfce73c320c2a1429ec52eafd27138b7f1cbe341c9", size = 174062, upload-time = "2025-09-25T21:32:55.767Z" },
    { url = "https://files.pythonhosted.org/packages/f1/12/de94a39c2ef588c7e6455cfbe7343d3b2dc9d6b6b2f40c4c6565744c873d/pyyaml-6.0.3-cp314-cp314t-win_arm64.whl", hash = "sha256:ebc55a14a21cb14062aa4162f906cd962b28e2e9ea38f9b4391244cd8de4ae0b", size = 149341, upload-time = "2025-09-25T21:32:56.828Z" },
]

[[package]]
name = "semver"
version = "3.0.4"
source = { registry = "https://pypi.org/simple" }
sdist = { url = "https://files.pythonhosted.org/packages/72/d1/d3159231aec234a59dd7d601e9dd9fe96f3afff15efd33c1070019b26132/semver-3.0.4.tar.gz", hash = "sha256:afc7d8c584a5ed0a11033af086e8af226a9c0b206f313e0301f8dd7b6b589602", size = 269730, upload-time = "2025-01-24T13:19:27.617Z" }
wheels = [
    { url = "https://files.pythonhosted.org/packages/a6/24/4d91e05817e92e3a61c8a21e08fd0f390f5301f1c448b137c57c4bc6e543/semver-3.0.4-py3-none-any.whl", hash = "sha256:9c824d87ba7f7ab4a1890799cec8596f15c1241cb473404ea1cb0c55e4b04746", size = 17912, upload-time = "2025-01-24T13:19:24.949Z" },
]

[[package]]
name = "typing-extensions"
version = "4.15.0"
source = { registry = "https://pypi.org/simple" }
sdist = { url = "https://files.pythonhosted.org/packages/72/94/1a15dd82efb362ac84269196e94cf00f187f7ed21c242792a923cdb1c61f/typing_extensions-4.15.0.tar.gz", hash = "sha256:0cea48d173cc12fa28ecabc3b837ea3cf6f38c6d1136f85cbaaf598984861466", size = 109391, upload-time = "2025-08-25T13:49:26.313Z" }
wheels = [
    { url = "https://files.pythonhosted.org/packages/18/67/36e9267722cc04a6b9f15c7f3441c2363321a3ea07da7ae0c0707beb2a9c/typing_extensions-4.15.0-py3-none-any.whl", hash = "sha256:f0fa19c6845758ab08074a0cfa8b7aecb71c999ca73d62883bc25cc018c4e548", size = 44614, upload-time = "2025-08-25T13:49:24.86Z" },
]

[[package]]
name = "wrapt"
version = "2.1.2"
source = { registry = "https://pypi.org/simple" }
sdist = { url = "https://files.pythonhosted.org/packages/2e/64/925f213fdcbb9baeb1530449ac71a4d57fc361c053d06bf78d0c5c7cd80c/wrapt-2.1.2.tar.gz", hash = "sha256:3996a67eecc2c68fd47b4e3c564405a5777367adfd9b8abb58387b63ee83b21e", size = 81678, upload-time = "2026-03-06T02:53:25.134Z" }
wheels = [
    { url = "https://files.pythonhosted.org/packages/39/25/e7ea0b417db02bb796182a5316398a75792cd9a22528783d868755e1f669/wrapt-2.1.2-cp314-cp314-macosx_10_15_x86_64.whl", hash = "sha256:1370e516598854e5b4366e09ce81e08bfe94d42b0fd569b88ec46cc56d9164a9", size = 61418, upload-time = "2026-03-06T02:53:55.706Z" },
    { url = "https://files.pythonhosted.org/packages/ec/0f/fa539e2f6a770249907757eaeb9a5ff4deb41c026f8466c1c6d799088a9b/wrapt-2.1.2-cp314-cp314-macosx_11_0_arm64.whl", hash = "sha256:6de1a3851c27e0bd6a04ca993ea6f80fc53e6c742ee1601f486c08e9f9b900a9", size = 61914, upload-time = "2026-03-06T02:52:53.37Z" },
    { url = "https://files.pythonhosted.org/packages/53/37/02af1867f5b1441aaeda9c82deed061b7cd1372572ddcd717f6df90b5e93/wrapt-2.1.2-cp314-cp314-manylinux1_x86_64.manylinux_2_28_x86_64.manylinux_2_5_x86_64.whl", hash = "sha256:de9f1a2bbc5ac7f6012ec24525bdd444765a2ff64b5985ac6e0692144838542e", size = 120417, upload-time = "2026-03-06T02:54:30.74Z" },
    { url = "https://files.pythonhosted.org/packages/c3/b7/0138a6238c8ba7476c77cf786a807f871672b37f37a422970342308276e7/wrapt-2.1.2-cp314-cp314-manylinux2014_aarch64.manylinux_2_17_aarch64.manylinux_2_28_aarch64.whl", hash = "sha256:970d57ed83fa040d8b20c52fe74a6ae7e3775ae8cff5efd6a81e06b19078484c", size = 122797, upload-time = "2026-03-06T02:54:51.539Z" },
    { url = "https://files.pythonhosted.org/packages/e1/ad/819ae558036d6a15b7ed290d5b14e209ca795dd4da9c58e50c067d5927b0/wrapt-2.1.2-cp314-cp314-manylinux_2_31_riscv64.manylinux_2_39_riscv64.whl", hash = "sha256:3969c56e4563c375861c8df14fa55146e81ac11c8db49ea6fb7f2ba58bc1ff9a", size = 117350, upload-time = "2026-03-06T02:54:37.651Z" },
    { url = "https://files.pythonhosted.org/packages/8b/2d/afc18dc57a4600a6e594f77a9ae09db54f55ba455440a54886694a84c71b/wrapt-2.1.2-cp314-cp314-musllinux_1_2_aarch64.whl", hash = "sha256:57d7c0c980abdc5f1d98b11a2aa3bb159790add80258c717fa49a99921456d90", size = 121223, upload-time = "2026-03-06T02:54:35.221Z" },
    { url = "https://files.pythonhosted.org/packages/b9/5b/5ec189b22205697bc56eb3b62aed87a1e0423e9c8285d0781c7a83170d15/wrapt-2.1.2-cp314-cp314-musllinux_1_2_riscv64.whl", hash = "sha256:776867878e83130c7a04237010463372e877c1c994d449ca6aaafeab6aab2586", size = 116287, upload-time = "2026-03-06T02:54:19.654Z" },
    { url = "https://files.pythonhosted.org/packages/f7/2d/f84939a7c9b5e6cdd8a8d0f6a26cabf36a0f7e468b967720e8b0cd2bdf69/wrapt-2.1.2-cp314-cp314-musllinux_1_2_x86_64.whl", hash = "sha256:fab036efe5464ec3291411fabb80a7a39e2dd80bae9bcbeeca5087fdfa891e19", size = 119593, upload-time = "2026-03-06T02:54:16.697Z" },
    { url = "https://files.pythonhosted.org/packages/0b/fe/ccd22a1263159c4ac811ab9374c061bcb4a702773f6e06e38de5f81a1bdc/wrapt-2.1.2-cp314-cp314-win32.whl", hash = "sha256:e6ed62c82ddf58d001096ae84ce7f833db97ae2263bff31c9b336ba8cfe3f508", size = 58631, upload-time = "2026-03-06T02:53:06.498Z" },
    { url = "https://files.pythonhosted.org/packages/65/0a/6bd83be7bff2e7efaac7b4ac9748da9d75a34634bbbbc8ad077d527146df/wrapt-2.1.2-cp314-cp314-win_amd64.whl", hash = "sha256:467e7c76315390331c67073073d00662015bb730c566820c9ca9b54e4d67fd04", size = 60875, upload-time = "2026-03-06T02:53:50.252Z" },
    { url = "https://files.pythonhosted.org/packages/6c/c0/0b3056397fe02ff80e5a5d72d627c11eb885d1ca78e71b1a5c1e8c7d45de/wrapt-2.1.2-cp314-cp314-win_arm64.whl", hash = "sha256:da1f00a557c66225d53b095a97eace0fc5349e3bfda28fa34ffae238978ee575", size = 59164, upload-time = "2026-03-06T02:53:59.128Z" },
    { url = "https://files.pythonhosted.org/packages/71/ed/5d89c798741993b2371396eb9d4634f009ff1ad8a6c78d366fe2883ea7a6/wrapt-2.1.2-cp314-cp314t-macosx_10_15_x86_64.whl", hash = "sha256:62503ffbc2d3a69891cf29beeaccdb4d5e0a126e2b6a851688d4777e01428dbb", size = 63163, upload-time = "2026-03-06T02:52:54.873Z" },
    { url = "https://files.pythonhosted.org/packages/c6/8c/05d277d182bf36b0a13d6bd393ed1dec3468a25b59d01fba2dd70fe4d6ae/wrapt-2.1.2-cp314-cp314t-macosx_11_0_arm64.whl", hash = "sha256:c7e6cd120ef837d5b6f860a6ea3745f8763805c418bb2f12eeb1fa6e25f22d22", size = 63723, upload-time = "2026-03-06T02:52:56.374Z" },
    { url = "https://files.pythonhosted.org/packages/f4/27/6c51ec1eff4413c57e72d6106bb8dec6f0c7cdba6503d78f0fa98767bcc9/wrapt-2.1.2-cp314-cp314t-manylinux1_x86_64.manylinux_2_28_x86_64.manylinux_2_5_x86_64.whl", hash = "sha256:3769a77df8e756d65fbc050333f423c01ae012b4f6731aaf70cf2bef61b34596", size = 152652, upload-time = "2026-03-06T02:53:23.79Z" },
    { url = "https://files.pythonhosted.org/packages/db/4c/d7dd662d6963fc7335bfe29d512b02b71cdfa23eeca7ab3ac74a67505deb/wrapt-2.1.2-cp314-cp314t-manylinux2014_aarch64.manylinux_2_17_aarch64.manylinux_2_28_aarch64.whl", hash = "sha256:a76d61a2e851996150ba0f80582dd92a870643fa481f3b3846f229de88caf044", size = 158807, upload-time = "2026-03-06T02:53:35.742Z" },
    { url = "https://files.pythonhosted.org/packages/b4/4d/1e5eea1a78d539d346765727422976676615814029522c76b87a95f6bcdd/wrapt-2.1.2-cp314-cp314t-manylinux_2_31_riscv64.manylinux_2_39_riscv64.whl", hash = "sha256:6f97edc9842cf215312b75fe737ee7c8adda75a89979f8e11558dfff6343cc4b", size = 146061, upload-time = "2026-03-06T02:52:57.574Z" },
    { url = "https://files.pythonhosted.org/packages/89/bc/62cabea7695cd12a288023251eeefdcb8465056ddaab6227cb78a2de005b/wrapt-2.1.2-cp314-cp314t-musllinux_1_2_aarch64.whl", hash = "sha256:4006c351de6d5007aa33a551f600404ba44228a89e833d2fadc5caa5de8edfbf", size = 155667, upload-time = "2026-03-06T02:53:39.422Z" },
    { url = "https://files.pythonhosted.org/packages/e9/99/6f2888cd68588f24df3a76572c69c2de28287acb9e1972bf0c83ce97dbc1/wrapt-2.1.2-cp314-cp314t-musllinux_1_2_riscv64.whl", hash = "sha256:a9372fc3639a878c8e7d87e1556fa209091b0a66e912c611e3f833e2c4202be2", size = 144392, upload-time = "2026-03-06T02:54:22.41Z" },
    { url = "https://files.pythonhosted.org/packages/40/51/1dfc783a6c57971614c48e361a82ca3b6da9055879952587bc99fe1a7171/wrapt-2.1.2-cp314-cp314t-musllinux_1_2_x86_64.whl", hash = "sha256:3144b027ff30cbd2fca07c0a87e67011adb717eb5f5bd8496325c17e454257a3", size = 150296, upload-time = "2026-03-06T02:54:07.848Z" },
    { url = "https://files.pythonhosted.org/packages/6c/38/cbb8b933a0201076c1f64fc42883b0023002bdc14a4964219154e6ff3350/wrapt-2.1.2-cp314-cp314t-win32.whl", hash = "sha256:3b8d15e52e195813efe5db8cec156eebe339aaf84222f4f4f051a6c01f237ed7", size = 60539, upload-time = "2026-03-06T02:54:00.594Z" },
    { url = "https://files.pythonhosted.org/packages/82/dd/e5176e4b241c9f528402cebb238a36785a628179d7d8b71091154b3e4c9e/wrapt-2.1.2-cp314-cp314t-win_amd64.whl", hash = "sha256:08ffa54146a7559f5b8df4b289b46d963a8e74ed16ba3687f99896101a3990c5", size = 63969, upload-time = "2026-03-06T02:54:39Z" },
    { url = "https://files.pythonhosted.org/packages/5c/99/79f17046cf67e4a95b9987ea129632ba8bcec0bc81f3fb3d19bdb0bd60cd/wrapt-2.1.2-cp314-cp314t-win_arm64.whl", hash = "sha256:72aaa9d0d8e4ed0e2e98019cea47a21f823c9dd4b43c7b77bba6679ffcca6a00", size = 60554, upload-time = "2026-03-06T02:53:14.132Z" },
    { url = "https://files.pythonhosted.org/packages/1a/c7/8528ac2dfa2c1e6708f647df7ae144ead13f0a31146f43c7264b4942bf12/wrapt-2.1.2-py3-none-any.whl", hash = "sha256:b8fd6fa2b2c4e7621808f8c62e8317f4aae56e59721ad933bac5239d913cf0e8", size = 43993, upload-time = "2026-03-06T02:53:12.905Z" },
]

[[package]]
name = "zipp"
version = "3.23.0"
source = { registry = "https://pypi.org/simple" }
sdist = { url = "https://files.pythonhosted.org/packages/e3/02/0f2892c661036d50ede074e376733dca2ae7c6eb617489437771209d4180/zipp-3.23.0.tar.gz", hash = "sha256:a07157588a12518c9d4034df3fbbee09c814741a33ff63c05fa29d26a2404166", size = 25547, upload-time = "2025-06-08T17:06:39.4Z" }
wheels = [
    { url = "https://files.pythonhosted.org/packages/2e/54/647ade08bf0db230bfea292f893923872fd20be6ac6f53b2b936ba839d75/zipp-3.23.0-py3-none-any.whl", hash = "sha256:071652d6115ed432f5ce1d34c336c0adfd6a884660d1e9712a256d3d3bd4b14e", size = 10276, upload-time = "2025-06-08T17:06:38.034Z" },
]
